// !$*UTF8*$!
{
	archiveVersion = 1;
	classes = {
	};
	objectVersion = 50;
	objects = {

/* Begin PBXBuildFile section */
		5758E381251F656C007FB87C /* Assets.xcassets in Resources */ = {isa = PBXBuildFile; fileRef = 5758E380251F656C007FB87C /* Assets.xcassets */; };
		5758E388251F656C007FB87C /* SwiftMaster-AW Extension.appex in Embed App Extensions */ = {isa = PBXBuildFile; fileRef = 5758E387251F656C007FB87C /* SwiftMaster-AW Extension.appex */; settings = {ATTRIBUTES = (RemoveHeadersOnCopy, ); }; };
		5758E38F251F656D007FB87C /* SwiftMasterApp.swift in Sources */ = {isa = PBXBuildFile; fileRef = 5758E38E251F656D007FB87C /* SwiftMasterApp.swift */; };
		5758E391251F656D007FB87C /* ComplicationController.swift in Sources */ = {isa = PBXBuildFile; fileRef = 5758E390251F656D007FB87C /* ComplicationController.swift */; };
		5758E393251F656D007FB87C /* Assets.xcassets in Resources */ = {isa = PBXBuildFile; fileRef = 5758E392251F656D007FB87C /* Assets.xcassets */; };
		5758E396251F656D007FB87C /* Preview Assets.xcassets in Resources */ = {isa = PBXBuildFile; fileRef = 5758E395251F656D007FB87C /* Preview Assets.xcassets */; };
		5758E39A251F656D007FB87C /* SwiftMaster-AW.app in Embed Watch Content */ = {isa = PBXBuildFile; fileRef = 5758E37E251F656B007FB87C /* SwiftMaster-AW.app */; settings = {ATTRIBUTES = (RemoveHeadersOnCopy, ); }; };
		5758E3AC251F6591007FB87C /* Time.swift in Sources */ = {isa = PBXBuildFile; fileRef = 578B2910251E94E300496887 /* Time.swift */; };
		5758E3AD251F6594007FB87C /* TimeProvider.swift in Sources */ = {isa = PBXBuildFile; fileRef = 578B2903251E944600496887 /* TimeProvider.swift */; };
		5758E3AE251F6597007FB87C /* SimpleClockFace.swift in Sources */ = {isa = PBXBuildFile; fileRef = 578B2908251E94A400496887 /* SimpleClockFace.swift */; };
		5758E3AF251F659A007FB87C /* SwiftMasterClockFace.swift in Sources */ = {isa = PBXBuildFile; fileRef = 578B8F7B251E18DC0017A84C /* SwiftMasterClockFace.swift */; };
		5758E3B0251F659C007FB87C /* Hands.swift in Sources */ = {isa = PBXBuildFile; fileRef = 578B28FB251E7B8500496887 /* Hands.swift */; };
		578B28FC251E7B8500496887 /* Hands.swift in Sources */ = {isa = PBXBuildFile; fileRef = 578B28FB251E7B8500496887 /* Hands.swift */; };
		578B2904251E944600496887 /* TimeProvider.swift in Sources */ = {isa = PBXBuildFile; fileRef = 578B2903251E944600496887 /* TimeProvider.swift */; };
		578B2909251E94A400496887 /* SimpleClockFace.swift in Sources */ = {isa = PBXBuildFile; fileRef = 578B2908251E94A400496887 /* SimpleClockFace.swift */; };
		578B2911251E94E300496887 /* Time.swift in Sources */ = {isa = PBXBuildFile; fileRef = 578B2910251E94E300496887 /* Time.swift */; };
		578B8F7A251E18DC0017A84C /* SwiftMasterApp.swift in Sources */ = {isa = PBXBuildFile; fileRef = 578B8F79251E18DC0017A84C /* SwiftMasterApp.swift */; };
		578B8F7C251E18DC0017A84C /* SwiftMasterClockFace.swift in Sources */ = {isa = PBXBuildFile; fileRef = 578B8F7B251E18DC0017A84C /* SwiftMasterClockFace.swift */; };
		578B8F7E251E18DD0017A84C /* Assets.xcassets in Resources */ = {isa = PBXBuildFile; fileRef = 578B8F7D251E18DD0017A84C /* Assets.xcassets */; };
		578B8F81251E18DD0017A84C /* Preview Assets.xcassets in Resources */ = {isa = PBXBuildFile; fileRef = 578B8F80251E18DD0017A84C /* Preview Assets.xcassets */; };
		578B8F8C251E18DD0017A84C /* SwiftMasterTests.swift in Sources */ = {isa = PBXBuildFile; fileRef = 578B8F8B251E18DD0017A84C /* SwiftMasterTests.swift */; };
		578B8F97251E18DD0017A84C /* SwiftMasterUITests.swift in Sources */ = {isa = PBXBuildFile; fileRef = 578B8F96251E18DD0017A84C /* SwiftMasterUITests.swift */; };
/* End PBXBuildFile section */

/* Begin PBXContainerItemProxy section */
		5758E389251F656C007FB87C /* PBXContainerItemProxy */ = {
			isa = PBXContainerItemProxy;
			containerPortal = 578B8F6E251E18DC0017A84C /* Project object */;
			proxyType = 1;
			remoteGlobalIDString = 5758E386251F656C007FB87C;
			remoteInfo = "SwiftMaster-AW Extension";
		};
		5758E398251F656D007FB87C /* PBXContainerItemProxy */ = {
			isa = PBXContainerItemProxy;
			containerPortal = 578B8F6E251E18DC0017A84C /* Project object */;
			proxyType = 1;
			remoteGlobalIDString = 5758E37D251F656B007FB87C;
			remoteInfo = "SwiftMaster-AW";
		};
		578B8F88251E18DD0017A84C /* PBXContainerItemProxy */ = {
			isa = PBXContainerItemProxy;
			containerPortal = 578B8F6E251E18DC0017A84C /* Project object */;
			proxyType = 1;
			remoteGlobalIDString = 578B8F75251E18DC0017A84C;
			remoteInfo = SwiftMaster;
		};
		578B8F93251E18DD0017A84C /* PBXContainerItemProxy */ = {
			isa = PBXContainerItemProxy;
			containerPortal = 578B8F6E251E18DC0017A84C /* Project object */;
			proxyType = 1;
			remoteGlobalIDString = 578B8F75251E18DC0017A84C;
			remoteInfo = SwiftMaster;
		};
/* End PBXContainerItemProxy section */

/* Begin PBXCopyFilesBuildPhase section */
		5758E39E251F656D007FB87C /* Embed App Extensions */ = {
			isa = PBXCopyFilesBuildPhase;
			buildActionMask = 2147483647;
			dstPath = "";
			dstSubfolderSpec = 13;
			files = (
				5758E388251F656C007FB87C /* SwiftMaster-AW Extension.appex in Embed App Extensions */,
			);
			name = "Embed App Extensions";
			runOnlyForDeploymentPostprocessing = 0;
		};
		57FCA5F8251F6460009BE29B /* Embed Watch Content */ = {
			isa = PBXCopyFilesBuildPhase;
			buildActionMask = 2147483647;
			dstPath = "$(CONTENTS_FOLDER_PATH)/Watch";
			dstSubfolderSpec = 16;
			files = (
				5758E39A251F656D007FB87C /* SwiftMaster-AW.app in Embed Watch Content */,
			);
			name = "Embed Watch Content";
			runOnlyForDeploymentPostprocessing = 0;
		};
/* End PBXCopyFilesBuildPhase section */

/* Begin PBXFileReference section */
		5758E37E251F656B007FB87C /* SwiftMaster-AW.app */ = {isa = PBXFileReference; explicitFileType = wrapper.application; includeInIndex = 0; path = "SwiftMaster-AW.app"; sourceTree = BUILT_PRODUCTS_DIR; };
		5758E380251F656C007FB87C /* Assets.xcassets */ = {isa = PBXFileReference; lastKnownFileType = folder.assetcatalog; path = Assets.xcassets; sourceTree = "<group>"; };
		5758E382251F656C007FB87C /* Info.plist */ = {isa = PBXFileReference; lastKnownFileType = text.plist.xml; path = Info.plist; sourceTree = "<group>"; };
		5758E387251F656C007FB87C /* SwiftMaster-AW Extension.appex */ = {isa = PBXFileReference; explicitFileType = "wrapper.app-extension"; includeInIndex = 0; path = "SwiftMaster-AW Extension.appex"; sourceTree = BUILT_PRODUCTS_DIR; };
		5758E38E251F656D007FB87C /* SwiftMasterApp.swift */ = {isa = PBXFileReference; lastKnownFileType = sourcecode.swift; path = SwiftMasterApp.swift; sourceTree = "<group>"; };
		5758E390251F656D007FB87C /* ComplicationController.swift */ = {isa = PBXFileReference; lastKnownFileType = sourcecode.swift; path = ComplicationController.swift; sourceTree = "<group>"; };
		5758E392251F656D007FB87C /* Assets.xcassets */ = {isa = PBXFileReference; lastKnownFileType = folder.assetcatalog; path = Assets.xcassets; sourceTree = "<group>"; };
		5758E395251F656D007FB87C /* Preview Assets.xcassets */ = {isa = PBXFileReference; lastKnownFileType = folder.assetcatalog; path = "Preview Assets.xcassets"; sourceTree = "<group>"; };
		5758E397251F656D007FB87C /* Info.plist */ = {isa = PBXFileReference; lastKnownFileType = text.plist.xml; path = Info.plist; sourceTree = "<group>"; };
		578B28FB251E7B8500496887 /* Hands.swift */ = {isa = PBXFileReference; lastKnownFileType = sourcecode.swift; path = Hands.swift; sourceTree = "<group>"; };
		578B2903251E944600496887 /* TimeProvider.swift */ = {isa = PBXFileReference; lastKnownFileType = sourcecode.swift; path = TimeProvider.swift; sourceTree = "<group>"; };
		578B2908251E94A400496887 /* SimpleClockFace.swift */ = {isa = PBXFileReference; lastKnownFileType = sourcecode.swift; path = SimpleClockFace.swift; sourceTree = "<group>"; };
		578B2910251E94E300496887 /* Time.swift */ = {isa = PBXFileReference; lastKnownFileType = sourcecode.swift; path = Time.swift; sourceTree = "<group>"; };
		578B291E251E994300496887 /* watchface.png */ = {isa = PBXFileReference; lastKnownFileType = image.png; path = watchface.png; sourceTree = "<group>"; };
		578B8F76251E18DC0017A84C /* SwiftMaster.app */ = {isa = PBXFileReference; explicitFileType = wrapper.application; includeInIndex = 0; path = SwiftMaster.app; sourceTree = BUILT_PRODUCTS_DIR; };
		578B8F79251E18DC0017A84C /* SwiftMasterApp.swift */ = {isa = PBXFileReference; lastKnownFileType = sourcecode.swift; path = SwiftMasterApp.swift; sourceTree = "<group>"; };
		578B8F7B251E18DC0017A84C /* SwiftMasterClockFace.swift */ = {isa = PBXFileReference; lastKnownFileType = sourcecode.swift; path = SwiftMasterClockFace.swift; sourceTree = "<group>"; };
		578B8F7D251E18DD0017A84C /* Assets.xcassets */ = {isa = PBXFileReference; lastKnownFileType = folder.assetcatalog; path = Assets.xcassets; sourceTree = "<group>"; };
		578B8F80251E18DD0017A84C /* Preview Assets.xcassets */ = {isa = PBXFileReference; lastKnownFileType = folder.assetcatalog; path = "Preview Assets.xcassets"; sourceTree = "<group>"; };
		578B8F82251E18DD0017A84C /* Info.plist */ = {isa = PBXFileReference; lastKnownFileType = text.plist.xml; path = Info.plist; sourceTree = "<group>"; };
		578B8F87251E18DD0017A84C /* SwiftMasterTests.xctest */ = {isa = PBXFileReference; explicitFileType = wrapper.cfbundle; includeInIndex = 0; path = SwiftMasterTests.xctest; sourceTree = BUILT_PRODUCTS_DIR; };
		578B8F8B251E18DD0017A84C /* SwiftMasterTests.swift */ = {isa = PBXFileReference; lastKnownFileType = sourcecode.swift; path = SwiftMasterTests.swift; sourceTree = "<group>"; };
		578B8F8D251E18DD0017A84C /* Info.plist */ = {isa = PBXFileReference; lastKnownFileType = text.plist.xml; path = Info.plist; sourceTree = "<group>"; };
		578B8F92251E18DD0017A84C /* SwiftMasterUITests.xctest */ = {isa = PBXFileReference; explicitFileType = wrapper.cfbundle; includeInIndex = 0; path = SwiftMasterUITests.xctest; sourceTree = BUILT_PRODUCTS_DIR; };
		578B8F96251E18DD0017A84C /* SwiftMasterUITests.swift */ = {isa = PBXFileReference; lastKnownFileType = sourcecode.swift; path = SwiftMasterUITests.swift; sourceTree = "<group>"; };
		578B8F98251E18DD0017A84C /* Info.plist */ = {isa = PBXFileReference; lastKnownFileType = text.plist.xml; path = Info.plist; sourceTree = "<group>"; };
		578B8FA7251E18F90017A84C /* README.md */ = {isa = PBXFileReference; lastKnownFileType = net.daringfireball.markdown; path = README.md; sourceTree = "<group>"; };
/* End PBXFileReference section */

/* Begin PBXFrameworksBuildPhase section */
		5758E384251F656C007FB87C /* Frameworks */ = {
			isa = PBXFrameworksBuildPhase;
			buildActionMask = 2147483647;
			files = (
			);
			runOnlyForDeploymentPostprocessing = 0;
		};
		578B8F73251E18DC0017A84C /* Frameworks */ = {
			isa = PBXFrameworksBuildPhase;
			buildActionMask = 2147483647;
			files = (
			);
			runOnlyForDeploymentPostprocessing = 0;
		};
		578B8F84251E18DD0017A84C /* Frameworks */ = {
			isa = PBXFrameworksBuildPhase;
			buildActionMask = 2147483647;
			files = (
			);
			runOnlyForDeploymentPostprocessing = 0;
		};
		578B8F8F251E18DD0017A84C /* Frameworks */ = {
			isa = PBXFrameworksBuildPhase;
			buildActionMask = 2147483647;
			files = (
			);
			runOnlyForDeploymentPostprocessing = 0;
		};
/* End PBXFrameworksBuildPhase section */

/* Begin PBXGroup section */
		5758E37F251F656B007FB87C /* SwiftMaster-AW */ = {
			isa = PBXGroup;
			children = (
				5758E380251F656C007FB87C /* Assets.xcassets */,
				5758E382251F656C007FB87C /* Info.plist */,
			);
			path = "SwiftMaster-AW";
			sourceTree = "<group>";
		};
		5758E38B251F656D007FB87C /* SwiftMaster-AW Extension */ = {
			isa = PBXGroup;
			children = (
				5758E38E251F656D007FB87C /* SwiftMasterApp.swift */,
				5758E390251F656D007FB87C /* ComplicationController.swift */,
				5758E392251F656D007FB87C /* Assets.xcassets */,
				5758E397251F656D007FB87C /* Info.plist */,
				5758E394251F656D007FB87C /* Preview Content */,
			);
			path = "SwiftMaster-AW Extension";
			sourceTree = "<group>";
		};
		5758E394251F656D007FB87C /* Preview Content */ = {
			isa = PBXGroup;
			children = (
				5758E395251F656D007FB87C /* Preview Assets.xcassets */,
			);
			path = "Preview Content";
			sourceTree = "<group>";
		};
		5769BCBA251F57FE00E34428 /* iOS */ = {
			isa = PBXGroup;
			children = (
				578B8F7D251E18DD0017A84C /* Assets.xcassets */,
				578B8F82251E18DD0017A84C /* Info.plist */,
				578B8F7F251E18DD0017A84C /* Preview Content */,
				578B8F79251E18DC0017A84C /* SwiftMasterApp.swift */,
			);
			path = iOS;
			sourceTree = "<group>";
		};
		578B2918251E96FF00496887 /* Faces */ = {
			isa = PBXGroup;
			children = (
				578B2908251E94A400496887 /* SimpleClockFace.swift */,
				578B8F7B251E18DC0017A84C /* SwiftMasterClockFace.swift */,
			);
			path = Faces;
			sourceTree = "<group>";
		};
		578B2919251E971B00496887 /* Data */ = {
			isa = PBXGroup;
			children = (
				578B2910251E94E300496887 /* Time.swift */,
				578B2903251E944600496887 /* TimeProvider.swift */,
			);
			path = Data;
			sourceTree = "<group>";
		};
		578B291A251E973700496887 /* Geometry */ = {
			isa = PBXGroup;
			children = (
				578B28FB251E7B8500496887 /* Hands.swift */,
			);
			path = Geometry;
			sourceTree = "<group>";
		};
		578B8F6D251E18DC0017A84C = {
			isa = PBXGroup;
			children = (
				578B8FA7251E18F90017A84C /* README.md */,
				578B291E251E994300496887 /* watchface.png */,
				578B8F78251E18DC0017A84C /* Shared */,
				5769BCBA251F57FE00E34428 /* iOS */,
				57CEA5F4251F57CA005C87F1 /* watchOS */,
				578B8F8A251E18DD0017A84C /* SwiftMasterTests */,
				578B8F95251E18DD0017A84C /* SwiftMasterUITests */,
				578B8F77251E18DC0017A84C /* Products */,
			);
			sourceTree = "<group>";
		};
		578B8F77251E18DC0017A84C /* Products */ = {
			isa = PBXGroup;
			children = (
				578B8F76251E18DC0017A84C /* SwiftMaster.app */,
				578B8F87251E18DD0017A84C /* SwiftMasterTests.xctest */,
				578B8F92251E18DD0017A84C /* SwiftMasterUITests.xctest */,
				5758E37E251F656B007FB87C /* SwiftMaster-AW.app */,
				5758E387251F656C007FB87C /* SwiftMaster-AW Extension.appex */,
			);
			name = Products;
			sourceTree = "<group>";
		};
		578B8F78251E18DC0017A84C /* Shared */ = {
			isa = PBXGroup;
			children = (
				578B2919251E971B00496887 /* Data */,
				578B2918251E96FF00496887 /* Faces */,
				578B291A251E973700496887 /* Geometry */,
			);
			path = Shared;
			sourceTree = "<group>";
		};
		578B8F7F251E18DD0017A84C /* Preview Content */ = {
			isa = PBXGroup;
			children = (
				578B8F80251E18DD0017A84C /* Preview Assets.xcassets */,
			);
			path = "Preview Content";
			sourceTree = "<group>";
		};
		578B8F8A251E18DD0017A84C /* SwiftMasterTests */ = {
			isa = PBXGroup;
			children = (
				578B8F8B251E18DD0017A84C /* SwiftMasterTests.swift */,
				578B8F8D251E18DD0017A84C /* Info.plist */,
			);
			path = SwiftMasterTests;
			sourceTree = "<group>";
		};
		578B8F95251E18DD0017A84C /* SwiftMasterUITests */ = {
			isa = PBXGroup;
			children = (
				578B8F96251E18DD0017A84C /* SwiftMasterUITests.swift */,
				578B8F98251E18DD0017A84C /* Info.plist */,
			);
			path = SwiftMasterUITests;
			sourceTree = "<group>";
		};
		57CEA5F4251F57CA005C87F1 /* watchOS */ = {
			isa = PBXGroup;
			children = (
				5758E38B251F656D007FB87C /* SwiftMaster-AW Extension */,
				5758E37F251F656B007FB87C /* SwiftMaster-AW */,
			);
			path = watchOS;
			sourceTree = "<group>";
		};
/* End PBXGroup section */

/* Begin PBXNativeTarget section */
		5758E37D251F656B007FB87C /* SwiftMaster-AW */ = {
			isa = PBXNativeTarget;
			buildConfigurationList = 5758E39F251F656D007FB87C /* Build configuration list for PBXNativeTarget "SwiftMaster-AW" */;
			buildPhases = (
				5758E37C251F656B007FB87C /* Resources */,
				5758E39E251F656D007FB87C /* Embed App Extensions */,
			);
			buildRules = (
			);
			dependencies = (
				5758E38A251F656C007FB87C /* PBXTargetDependency */,
			);
			name = "SwiftMaster-AW";
			productName = "SwiftMaster-AW";
			productReference = 5758E37E251F656B007FB87C /* SwiftMaster-AW.app */;
			productType = "com.apple.product-type.application.watchapp2";
		};
		5758E386251F656C007FB87C /* SwiftMaster-AW Extension */ = {
			isa = PBXNativeTarget;
			buildConfigurationList = 5758E39B251F656D007FB87C /* Build configuration list for PBXNativeTarget "SwiftMaster-AW Extension" */;
			buildPhases = (
				5758E383251F656C007FB87C /* Sources */,
				5758E384251F656C007FB87C /* Frameworks */,
				5758E385251F656C007FB87C /* Resources */,
			);
			buildRules = (
			);
			dependencies = (
			);
			name = "SwiftMaster-AW Extension";
			productName = "SwiftMaster-AW Extension";
			productReference = 5758E387251F656C007FB87C /* SwiftMaster-AW Extension.appex */;
			productType = "com.apple.product-type.watchkit2-extension";
		};
		578B8F75251E18DC0017A84C /* SwiftMaster */ = {
			isa = PBXNativeTarget;
			buildConfigurationList = 578B8F9B251E18DD0017A84C /* Build configuration list for PBXNativeTarget "SwiftMaster" */;
			buildPhases = (
				578B8F72251E18DC0017A84C /* Sources */,
				578B8F73251E18DC0017A84C /* Frameworks */,
				578B8F74251E18DC0017A84C /* Resources */,
				57FCA5F8251F6460009BE29B /* Embed Watch Content */,
			);
			buildRules = (
			);
			dependencies = (
				5758E399251F656D007FB87C /* PBXTargetDependency */,
			);
			name = SwiftMaster;
			productName = SwiftMaster;
			productReference = 578B8F76251E18DC0017A84C /* SwiftMaster.app */;
			productType = "com.apple.product-type.application";
		};
		578B8F86251E18DD0017A84C /* SwiftMasterTests */ = {
			isa = PBXNativeTarget;
			buildConfigurationList = 578B8F9E251E18DD0017A84C /* Build configuration list for PBXNativeTarget "SwiftMasterTests" */;
			buildPhases = (
				578B8F83251E18DD0017A84C /* Sources */,
				578B8F84251E18DD0017A84C /* Frameworks */,
				578B8F85251E18DD0017A84C /* Resources */,
			);
			buildRules = (
			);
			dependencies = (
				578B8F89251E18DD0017A84C /* PBXTargetDependency */,
			);
			name = SwiftMasterTests;
			productName = SwiftMasterTests;
			productReference = 578B8F87251E18DD0017A84C /* SwiftMasterTests.xctest */;
			productType = "com.apple.product-type.bundle.unit-test";
		};
		578B8F91251E18DD0017A84C /* SwiftMasterUITests */ = {
			isa = PBXNativeTarget;
			buildConfigurationList = 578B8FA1251E18DD0017A84C /* Build configuration list for PBXNativeTarget "SwiftMasterUITests" */;
			buildPhases = (
				578B8F8E251E18DD0017A84C /* Sources */,
				578B8F8F251E18DD0017A84C /* Frameworks */,
				578B8F90251E18DD0017A84C /* Resources */,
			);
			buildRules = (
			);
			dependencies = (
				578B8F94251E18DD0017A84C /* PBXTargetDependency */,
			);
			name = SwiftMasterUITests;
			productName = SwiftMasterUITests;
			productReference = 578B8F92251E18DD0017A84C /* SwiftMasterUITests.xctest */;
			productType = "com.apple.product-type.bundle.ui-testing";
		};
/* End PBXNativeTarget section */

/* Begin PBXProject section */
		578B8F6E251E18DC0017A84C /* Project object */ = {
			isa = PBXProject;
			attributes = {
				LastSwiftUpdateCheck = 1220;
				LastUpgradeCheck = 1220;
				TargetAttributes = {
					5758E37D251F656B007FB87C = {
						CreatedOnToolsVersion = 12.2;
					};
					5758E386251F656C007FB87C = {
						CreatedOnToolsVersion = 12.2;
					};
					578B8F75251E18DC0017A84C = {
						CreatedOnToolsVersion = 12.2;
					};
					578B8F86251E18DD0017A84C = {
						CreatedOnToolsVersion = 12.2;
						TestTargetID = 578B8F75251E18DC0017A84C;
					};
					578B8F91251E18DD0017A84C = {
						CreatedOnToolsVersion = 12.2;
						TestTargetID = 578B8F75251E18DC0017A84C;
					};
				};
			};
			buildConfigurationList = 578B8F71251E18DC0017A84C /* Build configuration list for PBXProject "SwiftMaster" */;
			compatibilityVersion = "Xcode 9.3";
			developmentRegion = en;
			hasScannedForEncodings = 0;
			knownRegions = (
				en,
				Base,
			);
			mainGroup = 578B8F6D251E18DC0017A84C;
			productRefGroup = 578B8F77251E18DC0017A84C /* Products */;
			projectDirPath = "";
			projectRoot = "";
			targets = (
				578B8F75251E18DC0017A84C /* SwiftMaster */,
				578B8F86251E18DD0017A84C /* SwiftMasterTests */,
				578B8F91251E18DD0017A84C /* SwiftMasterUITests */,
				5758E37D251F656B007FB87C /* SwiftMaster-AW */,
				5758E386251F656C007FB87C /* SwiftMaster-AW Extension */,
			);
		};
/* End PBXProject section */

/* Begin PBXResourcesBuildPhase section */
		5758E37C251F656B007FB87C /* Resources */ = {
			isa = PBXResourcesBuildPhase;
			buildActionMask = 2147483647;
			files = (
				5758E381251F656C007FB87C /* Assets.xcassets in Resources */,
			);
			runOnlyForDeploymentPostprocessing = 0;
		};
		5758E385251F656C007FB87C /* Resources */ = {
			isa = PBXResourcesBuildPhase;
			buildActionMask = 2147483647;
			files = (
				5758E396251F656D007FB87C /* Preview Assets.xcassets in Resources */,
				5758E393251F656D007FB87C /* Assets.xcassets in Resources */,
			);
			runOnlyForDeploymentPostprocessing = 0;
		};
		578B8F74251E18DC0017A84C /* Resources */ = {
			isa = PBXResourcesBuildPhase;
			buildActionMask = 2147483647;
			files = (
				578B8F81251E18DD0017A84C /* Preview Assets.xcassets in Resources */,
				578B8F7E251E18DD0017A84C /* Assets.xcassets in Resources */,
			);
			runOnlyForDeploymentPostprocessing = 0;
		};
		578B8F85251E18DD0017A84C /* Resources */ = {
			isa = PBXResourcesBuildPhase;
			buildActionMask = 2147483647;
			files = (
			);
			runOnlyForDeploymentPostprocessing = 0;
		};
		578B8F90251E18DD0017A84C /* Resources */ = {
			isa = PBXResourcesBuildPhase;
			buildActionMask = 2147483647;
			files = (
			);
			runOnlyForDeploymentPostprocessing = 0;
		};
/* End PBXResourcesBuildPhase section */

/* Begin PBXSourcesBuildPhase section */
		5758E383251F656C007FB87C /* Sources */ = {
			isa = PBXSourcesBuildPhase;
			buildActionMask = 2147483647;
			files = (
				5758E3AC251F6591007FB87C /* Time.swift in Sources */,
				5758E38F251F656D007FB87C /* SwiftMasterApp.swift in Sources */,
				5758E3B0251F659C007FB87C /* Hands.swift in Sources */,
				5758E391251F656D007FB87C /* ComplicationController.swift in Sources */,
				5758E3AE251F6597007FB87C /* SimpleClockFace.swift in Sources */,
				5758E3AD251F6594007FB87C /* TimeProvider.swift in Sources */,
				5758E3AF251F659A007FB87C /* SwiftMasterClockFace.swift in Sources */,
			);
			runOnlyForDeploymentPostprocessing = 0;
		};
		578B8F72251E18DC0017A84C /* Sources */ = {
			isa = PBXSourcesBuildPhase;
			buildActionMask = 2147483647;
			files = (
				578B2911251E94E300496887 /* Time.swift in Sources */,
				578B8F7C251E18DC0017A84C /* SwiftMasterClockFace.swift in Sources */,
				578B2909251E94A400496887 /* SimpleClockFace.swift in Sources */,
				578B28FC251E7B8500496887 /* Hands.swift in Sources */,
				578B8F7A251E18DC0017A84C /* SwiftMasterApp.swift in Sources */,
				578B2904251E944600496887 /* TimeProvider.swift in Sources */,
			);
			runOnlyForDeploymentPostprocessing = 0;
		};
		578B8F83251E18DD0017A84C /* Sources */ = {
			isa = PBXSourcesBuildPhase;
			buildActionMask = 2147483647;
			files = (
				578B8F8C251E18DD0017A84C /* SwiftMasterTests.swift in Sources */,
			);
			runOnlyForDeploymentPostprocessing = 0;
		};
		578B8F8E251E18DD0017A84C /* Sources */ = {
			isa = PBXSourcesBuildPhase;
			buildActionMask = 2147483647;
			files = (
				578B8F97251E18DD0017A84C /* SwiftMasterUITests.swift in Sources */,
			);
			runOnlyForDeploymentPostprocessing = 0;
		};
/* End PBXSourcesBuildPhase section */

/* Begin PBXTargetDependency section */
		5758E38A251F656C007FB87C /* PBXTargetDependency */ = {
			isa = PBXTargetDependency;
			target = 5758E386251F656C007FB87C /* SwiftMaster-AW Extension */;
			targetProxy = 5758E389251F656C007FB87C /* PBXContainerItemProxy */;
		};
		5758E399251F656D007FB87C /* PBXTargetDependency */ = {
			isa = PBXTargetDependency;
			target = 5758E37D251F656B007FB87C /* SwiftMaster-AW */;
			targetProxy = 5758E398251F656D007FB87C /* PBXContainerItemProxy */;
		};
		578B8F89251E18DD0017A84C /* PBXTargetDependency */ = {
			isa = PBXTargetDependency;
			target = 578B8F75251E18DC0017A84C /* SwiftMaster */;
			targetProxy = 578B8F88251E18DD0017A84C /* PBXContainerItemProxy */;
		};
		578B8F94251E18DD0017A84C /* PBXTargetDependency */ = {
			isa = PBXTargetDependency;
			target = 578B8F75251E18DC0017A84C /* SwiftMaster */;
			targetProxy = 578B8F93251E18DD0017A84C /* PBXContainerItemProxy */;
		};
/* End PBXTargetDependency section */

/* Begin XCBuildConfiguration section */
		5758E39C251F656D007FB87C /* Debug */ = {
			isa = XCBuildConfiguration;
			buildSettings = {
				ASSETCATALOG_COMPILER_COMPLICATION_NAME = Complication;
				CODE_SIGN_STYLE = Automatic;
				DEVELOPMENT_ASSET_PATHS = "\"watchOS/SwiftMaster-AW Extension/Preview Content\"";
				DEVELOPMENT_TEAM = 3C42F7N9CQ;
				ENABLE_PREVIEWS = YES;
				INFOPLIST_FILE = "watchOS/SwiftMaster-AW Extension/Info.plist";
				LD_RUNPATH_SEARCH_PATHS = (
					"$(inherited)",
					"@executable_path/Frameworks",
					"@executable_path/../../Frameworks",
				);
				PRODUCT_BUNDLE_IDENTIFIER = co.jossy.SwiftMaster.watchkitapp.watchkitextension;
				PRODUCT_NAME = "${TARGET_NAME}";
				SDKROOT = watchos;
				SKIP_INSTALL = YES;
				SWIFT_VERSION = 5.0;
				TARGETED_DEVICE_FAMILY = 4;
				WATCHOS_DEPLOYMENT_TARGET = 7.0;
			};
			name = Debug;
		};
		5758E39D251F656D007FB87C /* Release */ = {
			isa = XCBuildConfiguration;
			buildSettings = {
				ASSETCATALOG_COMPILER_COMPLICATION_NAME = Complication;
				CODE_SIGN_STYLE = Automatic;
				DEVELOPMENT_ASSET_PATHS = "\"watchOS/SwiftMaster-AW Extension/Preview Content\"";
				DEVELOPMENT_TEAM = 3C42F7N9CQ;
				ENABLE_PREVIEWS = YES;
				INFOPLIST_FILE = "watchOS/SwiftMaster-AW Extension/Info.plist";
				LD_RUNPATH_SEARCH_PATHS = (
					"$(inherited)",
					"@executable_path/Frameworks",
					"@executable_path/../../Frameworks",
				);
				PRODUCT_BUNDLE_IDENTIFIER = co.jossy.SwiftMaster.watchkitapp.watchkitextension;
				PRODUCT_NAME = "${TARGET_NAME}";
				SDKROOT = watchos;
				SKIP_INSTALL = YES;
				SWIFT_VERSION = 5.0;
				TARGETED_DEVICE_FAMILY = 4;
				WATCHOS_DEPLOYMENT_TARGET = 7.0;
			};
			name = Release;
		};
		5758E3A0251F656D007FB87C /* Debug */ = {
			isa = XCBuildConfiguration;
			buildSettings = {
				ALWAYS_EMBED_SWIFT_STANDARD_LIBRARIES = YES;
				ASSETCATALOG_COMPILER_APPICON_NAME = AppIcon;
				ASSETCATALOG_COMPILER_GLOBAL_ACCENT_COLOR_NAME = AccentColor;
				CODE_SIGN_STYLE = Automatic;
				DEVELOPMENT_TEAM = 3C42F7N9CQ;
				IBSC_MODULE = SwiftMaster_AW_Extension;
				INFOPLIST_FILE = "watchOS/SwiftMaster-AW/Info.plist";
				PRODUCT_BUNDLE_IDENTIFIER = co.jossy.SwiftMaster.watchkitapp;
				PRODUCT_NAME = "$(TARGET_NAME)";
				SDKROOT = watchos;
				SKIP_INSTALL = YES;
				SWIFT_VERSION = 5.0;
				TARGETED_DEVICE_FAMILY = 4;
				WATCHOS_DEPLOYMENT_TARGET = 7.0;
			};
			name = Debug;
		};
		5758E3A1251F656D007FB87C /* Release */ = {
			isa = XCBuildConfiguration;
			buildSettings = {
				ALWAYS_EMBED_SWIFT_STANDARD_LIBRARIES = YES;
				ASSETCATALOG_COMPILER_APPICON_NAME = AppIcon;
				ASSETCATALOG_COMPILER_GLOBAL_ACCENT_COLOR_NAME = AccentColor;
				CODE_SIGN_STYLE = Automatic;
				DEVELOPMENT_TEAM = 3C42F7N9CQ;
				IBSC_MODULE = SwiftMaster_AW_Extension;
				INFOPLIST_FILE = "watchOS/SwiftMaster-AW/Info.plist";
				PRODUCT_BUNDLE_IDENTIFIER = co.jossy.SwiftMaster.watchkitapp;
				PRODUCT_NAME = "$(TARGET_NAME)";
				SDKROOT = watchos;
				SKIP_INSTALL = YES;
				SWIFT_VERSION = 5.0;
				TARGETED_DEVICE_FAMILY = 4;
				WATCHOS_DEPLOYMENT_TARGET = 7.0;
			};
			name = Release;
		};
		578B8F99251E18DD0017A84C /* Debug */ = {
			isa = XCBuildConfiguration;
			buildSettings = {
				ALWAYS_SEARCH_USER_PATHS = NO;
				CLANG_ANALYZER_NONNULL = YES;
				CLANG_ANALYZER_NUMBER_OBJECT_CONVERSION = YES_AGGRESSIVE;
				CLANG_CXX_LANGUAGE_STANDARD = "gnu++14";
				CLANG_CXX_LIBRARY = "libc++";
				CLANG_ENABLE_MODULES = YES;
				CLANG_ENABLE_OBJC_ARC = YES;
				CLANG_ENABLE_OBJC_WEAK = YES;
				CLANG_WARN_BLOCK_CAPTURE_AUTORELEASING = YES;
				CLANG_WARN_BOOL_CONVERSION = YES;
				CLANG_WARN_COMMA = YES;
				CLANG_WARN_CONSTANT_CONVERSION = YES;
				CLANG_WARN_DEPRECATED_OBJC_IMPLEMENTATIONS = YES;
				CLANG_WARN_DIRECT_OBJC_ISA_USAGE = YES_ERROR;
				CLANG_WARN_DOCUMENTATION_COMMENTS = YES;
				CLANG_WARN_EMPTY_BODY = YES;
				CLANG_WARN_ENUM_CONVERSION = YES;
				CLANG_WARN_INFINITE_RECURSION = YES;
				CLANG_WARN_INT_CONVERSION = YES;
				CLANG_WARN_NON_LITERAL_NULL_CONVERSION = YES;
				CLANG_WARN_OBJC_IMPLICIT_RETAIN_SELF = YES;
				CLANG_WARN_OBJC_LITERAL_CONVERSION = YES;
				CLANG_WARN_OBJC_ROOT_CLASS = YES_ERROR;
				CLANG_WARN_QUOTED_INCLUDE_IN_FRAMEWORK_HEADER = YES;
				CLANG_WARN_RANGE_LOOP_ANALYSIS = YES;
				CLANG_WARN_STRICT_PROTOTYPES = YES;
				CLANG_WARN_SUSPICIOUS_MOVE = YES;
				CLANG_WARN_UNGUARDED_AVAILABILITY = YES_AGGRESSIVE;
				CLANG_WARN_UNREACHABLE_CODE = YES;
				CLANG_WARN__DUPLICATE_METHOD_MATCH = YES;
				COPY_PHASE_STRIP = NO;
				DEBUG_INFORMATION_FORMAT = dwarf;
				ENABLE_STRICT_OBJC_MSGSEND = YES;
				ENABLE_TESTABILITY = YES;
				GCC_C_LANGUAGE_STANDARD = gnu11;
				GCC_DYNAMIC_NO_PIC = NO;
				GCC_NO_COMMON_BLOCKS = YES;
				GCC_OPTIMIZATION_LEVEL = 0;
				GCC_PREPROCESSOR_DEFINITIONS = (
					"DEBUG=1",
					"$(inherited)",
				);
				GCC_WARN_64_TO_32_BIT_CONVERSION = YES;
				GCC_WARN_ABOUT_RETURN_TYPE = YES_ERROR;
				GCC_WARN_UNDECLARED_SELECTOR = YES;
				GCC_WARN_UNINITIALIZED_AUTOS = YES_AGGRESSIVE;
				GCC_WARN_UNUSED_FUNCTION = YES;
				GCC_WARN_UNUSED_VARIABLE = YES;
				IPHONEOS_DEPLOYMENT_TARGET = 14.0;
				MTL_ENABLE_DEBUG_INFO = INCLUDE_SOURCE;
				MTL_FAST_MATH = YES;
				ONLY_ACTIVE_ARCH = YES;
				SDKROOT = iphoneos;
				SWIFT_ACTIVE_COMPILATION_CONDITIONS = DEBUG;
				SWIFT_OPTIMIZATION_LEVEL = "-Onone";
			};
			name = Debug;
		};
		578B8F9A251E18DD0017A84C /* Release */ = {
			isa = XCBuildConfiguration;
			buildSettings = {
				ALWAYS_SEARCH_USER_PATHS = NO;
				CLANG_ANALYZER_NONNULL = YES;
				CLANG_ANALYZER_NUMBER_OBJECT_CONVERSION = YES_AGGRESSIVE;
				CLANG_CXX_LANGUAGE_STANDARD = "gnu++14";
				CLANG_CXX_LIBRARY = "libc++";
				CLANG_ENABLE_MODULES = YES;
				CLANG_ENABLE_OBJC_ARC = YES;
				CLANG_ENABLE_OBJC_WEAK = YES;
				CLANG_WARN_BLOCK_CAPTURE_AUTORELEASING = YES;
				CLANG_WARN_BOOL_CONVERSION = YES;
				CLANG_WARN_COMMA = YES;
				CLANG_WARN_CONSTANT_CONVERSION = YES;
				CLANG_WARN_DEPRECATED_OBJC_IMPLEMENTATIONS = YES;
				CLANG_WARN_DIRECT_OBJC_ISA_USAGE = YES_ERROR;
				CLANG_WARN_DOCUMENTATION_COMMENTS = YES;
				CLANG_WARN_EMPTY_BODY = YES;
				CLANG_WARN_ENUM_CONVERSION = YES;
				CLANG_WARN_INFINITE_RECURSION = YES;
				CLANG_WARN_INT_CONVERSION = YES;
				CLANG_WARN_NON_LITERAL_NULL_CONVERSION = YES;
				CLANG_WARN_OBJC_IMPLICIT_RETAIN_SELF = YES;
				CLANG_WARN_OBJC_LITERAL_CONVERSION = YES;
				CLANG_WARN_OBJC_ROOT_CLASS = YES_ERROR;
				CLANG_WARN_QUOTED_INCLUDE_IN_FRAMEWORK_HEADER = YES;
				CLANG_WARN_RANGE_LOOP_ANALYSIS = YES;
				CLANG_WARN_STRICT_PROTOTYPES = YES;
				CLANG_WARN_SUSPICIOUS_MOVE = YES;
				CLANG_WARN_UNGUARDED_AVAILABILITY = YES_AGGRESSIVE;
				CLANG_WARN_UNREACHABLE_CODE = YES;
				CLANG_WARN__DUPLICATE_METHOD_MATCH = YES;
				COPY_PHASE_STRIP = NO;
				DEBUG_INFORMATION_FORMAT = "dwarf-with-dsym";
				ENABLE_NS_ASSERTIONS = NO;
				ENABLE_STRICT_OBJC_MSGSEND = YES;
				GCC_C_LANGUAGE_STANDARD = gnu11;
				GCC_NO_COMMON_BLOCKS = YES;
				GCC_WARN_64_TO_32_BIT_CONVERSION = YES;
				GCC_WARN_ABOUT_RETURN_TYPE = YES_ERROR;
				GCC_WARN_UNDECLARED_SELECTOR = YES;
				GCC_WARN_UNINITIALIZED_AUTOS = YES_AGGRESSIVE;
				GCC_WARN_UNUSED_FUNCTION = YES;
				GCC_WARN_UNUSED_VARIABLE = YES;
				IPHONEOS_DEPLOYMENT_TARGET = 14.0;
				MTL_ENABLE_DEBUG_INFO = NO;
				MTL_FAST_MATH = YES;
				SDKROOT = iphoneos;
				SWIFT_COMPILATION_MODE = wholemodule;
				SWIFT_OPTIMIZATION_LEVEL = "-O";
				VALIDATE_PRODUCT = YES;
			};
			name = Release;
		};
		578B8F9C251E18DD0017A84C /* Debug */ = {
			isa = XCBuildConfiguration;
			buildSettings = {
				ASSETCATALOG_COMPILER_APPICON_NAME = AppIcon;
				ASSETCATALOG_COMPILER_GLOBAL_ACCENT_COLOR_NAME = AccentColor;
				CODE_SIGN_STYLE = Automatic;
				DEVELOPMENT_ASSET_PATHS = "\"iOS/Preview Content\"";
				DEVELOPMENT_TEAM = 3C42F7N9CQ;
				ENABLE_PREVIEWS = YES;
				INFOPLIST_FILE = iOS/Info.plist;
				IPHONEOS_DEPLOYMENT_TARGET = 14.0;
				LD_RUNPATH_SEARCH_PATHS = (
					"$(inherited)",
					"@executable_path/Frameworks",
				);
				PRODUCT_BUNDLE_IDENTIFIER = co.jossy.SwiftMaster;
				PRODUCT_NAME = "$(TARGET_NAME)";
				SWIFT_VERSION = 5.0;
				TARGETED_DEVICE_FAMILY = "1,2";
			};
			name = Debug;
		};
		578B8F9D251E18DD0017A84C /* Release */ = {
			isa = XCBuildConfiguration;
			buildSettings = {
				ASSETCATALOG_COMPILER_APPICON_NAME = AppIcon;
				ASSETCATALOG_COMPILER_GLOBAL_ACCENT_COLOR_NAME = AccentColor;
				CODE_SIGN_STYLE = Automatic;
				DEVELOPMENT_ASSET_PATHS = "\"iOS/Preview Content\"";
				DEVELOPMENT_TEAM = 3C42F7N9CQ;
				ENABLE_PREVIEWS = YES;
				INFOPLIST_FILE = iOS/Info.plist;
				IPHONEOS_DEPLOYMENT_TARGET = 14.0;
				LD_RUNPATH_SEARCH_PATHS = (
					"$(inherited)",
					"@executable_path/Frameworks",
				);
				PRODUCT_BUNDLE_IDENTIFIER = co.jossy.SwiftMaster;
				PRODUCT_NAME = "$(TARGET_NAME)";
				SWIFT_VERSION = 5.0;
				TARGETED_DEVICE_FAMILY = "1,2";
			};
			name = Release;
		};
		578B8F9F251E18DD0017A84C /* Debug */ = {
			isa = XCBuildConfiguration;
			buildSettings = {
				ALWAYS_EMBED_SWIFT_STANDARD_LIBRARIES = YES;
				BUNDLE_LOADER = "$(TEST_HOST)";
				CODE_SIGN_STYLE = Automatic;
				DEVELOPMENT_TEAM = 3C42F7N9CQ;
				INFOPLIST_FILE = SwiftMasterTests/Info.plist;
				IPHONEOS_DEPLOYMENT_TARGET = 14.0;
				LD_RUNPATH_SEARCH_PATHS = (
					"$(inherited)",
					"@executable_path/Frameworks",
					"@loader_path/Frameworks",
				);
				PRODUCT_BUNDLE_IDENTIFIER = co.jossy.SwiftMasterTests;
				PRODUCT_NAME = "$(TARGET_NAME)";
				SWIFT_VERSION = 5.0;
				TARGETED_DEVICE_FAMILY = "1,2";
				TEST_HOST = "$(BUILT_PRODUCTS_DIR)/SwiftMaster.app/SwiftMaster";
			};
			name = Debug;
		};
		578B8FA0251E18DD0017A84C /* Release */ = {
			isa = XCBuildConfiguration;
			buildSettings = {
				ALWAYS_EMBED_SWIFT_STANDARD_LIBRARIES = YES;
				BUNDLE_LOADER = "$(TEST_HOST)";
				CODE_SIGN_STYLE = Automatic;
				DEVELOPMENT_TEAM = 3C42F7N9CQ;
				INFOPLIST_FILE = SwiftMasterTests/Info.plist;
				IPHONEOS_DEPLOYMENT_TARGET = 14.0;
				LD_RUNPATH_SEARCH_PATHS = (
					"$(inherited)",
					"@executable_path/Frameworks",
					"@loader_path/Frameworks",
				);
				PRODUCT_BUNDLE_IDENTIFIER = co.jossy.SwiftMasterTests;
				PRODUCT_NAME = "$(TARGET_NAME)";
				SWIFT_VERSION = 5.0;
				TARGETED_DEVICE_FAMILY = "1,2";
				TEST_HOST = "$(BUILT_PRODUCTS_DIR)/SwiftMaster.app/SwiftMaster";
			};
			name = Release;
		};
		578B8FA2251E18DD0017A84C /* Debug */ = {
			isa = XCBuildConfiguration;
			buildSettings = {
				ALWAYS_EMBED_SWIFT_STANDARD_LIBRARIES = YES;
				CODE_SIGN_STYLE = Automatic;
				DEVELOPMENT_TEAM = 3C42F7N9CQ;
				INFOPLIST_FILE = SwiftMasterUITests/Info.plist;
				LD_RUNPATH_SEARCH_PATHS = (
					"$(inherited)",
					"@executable_path/Frameworks",
					"@loader_path/Frameworks",
				);
				PRODUCT_BUNDLE_IDENTIFIER = co.jossy.SwiftMasterUITests;
				PRODUCT_NAME = "$(TARGET_NAME)";
				SWIFT_VERSION = 5.0;
				TARGETED_DEVICE_FAMILY = "1,2";
				TEST_TARGET_NAME = SwiftMaster;
			};
			name = Debug;
		};
		578B8FA3251E18DD0017A84C /* Release */ = {
			isa = XCBuildConfiguration;
			buildSettings = {
				ALWAYS_EMBED_SWIFT_STANDARD_LIBRARIES = YES;
				CODE_SIGN_STYLE = Automatic;
				DEVELOPMENT_TEAM = 3C42F7N9CQ;
				INFOPLIST_FILE = SwiftMasterUITests/Info.plist;
				LD_RUNPATH_SEARCH_PATHS = (
					"$(inherited)",
					"@executable_path/Frameworks",
					"@loader_path/Frameworks",
				);
				PRODUCT_BUNDLE_IDENTIFIER = co.jossy.SwiftMasterUITests;
				PRODUCT_NAME = "$(TARGET_NAME)";
				SWIFT_VERSION = 5.0;
				TARGETED_DEVICE_FAMILY = "1,2";
				TEST_TARGET_NAME = SwiftMaster;
			};
			name = Release;
		};
/* End XCBuildConfiguration section */

/* Begin XCConfigurationList section */
		5758E39B251F656D007FB87C /* Build configuration list for PBXNativeTarget "SwiftMaster-AW Extension" */ = {
			isa = XCConfigurationList;
			buildConfigurations = (
				5758E39C251F656D007FB87C /* Debug */,
				5758E39D251F656D007FB87C /* Release */,
			);
			defaultConfigurationIsVisible = 0;
			defaultConfigurationName = Release;
		};
		5758E39F251F656D007FB87C /* Build configuration list for PBXNativeTarget "SwiftMaster-AW" */ = {
			isa = XCConfigurationList;
			buildConfigurations = (
				5758E3A0251F656D007FB87C /* Debug */,
				5758E3A1251F656D007FB87C /* Release */,
			);
			defaultConfigurationIsVisible = 0;
			defaultConfigurationName = Release;
		};
		578B8F71251E18DC0017A84C /* Build configuration list for PBXProject "SwiftMaster" */ = {
			isa = XCConfigurationList;
			buildConfigurations = (
				578B8F99251E18DD0017A84C /* Debug */,
				578B8F9A251E18DD0017A84C /* Release */,
			);
			defaultConfigurationIsVisible = 0;
			defaultConfigurationName = Release;
		};
		578B8F9B251E18DD0017A84C /* Build configuration list for PBXNativeTarget "SwiftMaster" */ = {
			isa = XCConfigurationList;
			buildConfigurations = (
				578B8F9C251E18DD0017A84C /* Debug */,
				578B8F9D251E18DD0017A84C /* Release */,
			);
			defaultConfigurationIsVisible = 0;
			defaultConfigurationName = Release;
		};
		578B8F9E251E18DD0017A84C /* Build configuration list for PBXNativeTarget "SwiftMasterTests" */ = {
			isa = XCConfigurationList;
			buildConfigurations = (
				578B8F9F251E18DD0017A84C /* Debug */,
				578B8FA0251E18DD0017A84C /* Release */,
			);
			defaultConfigurationIsVisible = 0;
			defaultConfigurationName = Release;
		};
		578B8FA1251E18DD0017A84C /* Build configuration list for PBXNativeTarget "SwiftMasterUITests" */ = {
			isa = XCConfigurationList;
			buildConfigurations = (
				578B8FA2251E18DD0017A84C /* Debug */,
				578B8FA3251E18DD0017A84C /* Release */,
			);
			defaultConfigurationIsVisible = 0;
			defaultConfigurationName = Release;
		};
/* End XCConfigurationList section */
	};
	rootObject = 578B8F6E251E18DC0017A84C /* Project object */;
}
